
Microsoft Visual Studio Solution File, Format Version 12.00
# Visual Studio Version 16
VisualStudioVersion = 16.0.31515.178
MinimumVisualStudioVersion = 10.0.40219.1
Project("{FAE04EC0-301F-11D3-BF4B-00C04F79EFBC}") = "XfWebViewApp01.UWP", "XfWebViewApp01\XfWebViewApp01.UWP\XfWebViewApp01.UWP.csproj", "{2CCE7FFF-CD0E-4A79-B706-664E2E4C3D8F}"
EndProject
Project("{FAE04EC0-301F-11D3-BF4B-00C04F79EFBC}") = "XfWebViewApp01.Android", "XfWebViewApp01\XfWebViewApp01.Android\XfWebViewApp01.Android.csproj", "{BEE729D0-7BAC-4761-B655-65231634C87F}"
EndProject
Project("{FAE04EC0-301F-11D3-BF4B-00C04F79EFBC}") = "XfWebViewApp01.iOS", "XfWebViewApp01\XfWebViewApp01.iOS\XfWebViewApp01.iOS.csproj", "{44E9BABB-9DB3-4B25-ABE7-5EC4C4C0729A}"
EndProject
Project("{FAE04EC0-301F-11D3-BF4B-00C04F79EFBC}") = "XfWebViewApp01", "XfWebViewApp01\XfWebViewApp01\XfWebViewApp01.csproj", "{BAE1A921-13F3-430A-869E-01535E238DCD}"
EndProject
Global
	GlobalSection(SolutionConfigurationPlatforms) = preSolution
		Debug|Any CPU = Debug|Any CPU
		Debug|ARM = Debug|ARM
		Debug|iPhone = Debug|iPhone
		Debug|iPhoneSimulator = Debug|iPhoneSimulator
		Debug|x64 = Debug|x64
		Debug|x86 = Debug|x86
		Release|Any CPU = Release|Any CPU
		Release|ARM = Release|ARM
		Release|iPhone = Release|iPhone
		Release|iPhoneSimulator = Release|iPhoneSimulator
		Release|x64 = Release|x64
		Release|x86 = Release|x86
	EndGlobalSection
	GlobalSection(ProjectConfigurationPlatforms) = postSolution
		{2CCE7FFF-CD0E-4A79-B706-664E2E4C3D8F}.Debug|Any CPU.ActiveCfg = Debug|x86
		{2CCE7FFF-CD0E-4A79-B706-664E2E4C3D8F}.Debug|Any CPU.Build.0 = Debug|x86
		{2CCE7FFF-CD0E-4A79-B706-664E2E4C3D8F}.Debug|Any CPU.Deploy.0 = Debug|x86
		{2CCE7FFF-CD0E-4A79-B706-664E2E4C3D8F}.Debug|ARM.ActiveCfg = Debug|ARM
		{2CCE7FFF-CD0E-4A79-B706-664E2E4C3D8F}.Debug|ARM.Build.0 = Debug|ARM
		{2CCE7FFF-CD0E-4A79-B706-664E2E4C3D8F}.Debug|ARM.Deploy.0 = Debug|ARM
		{2CCE7FFF-CD0E-4A79-B706-664E2E4C3D8F}.Debug|iPhone.ActiveCfg = Debug|x86
		{2CCE7FFF-CD0E-4A79-B706-664E2E4C3D8F}.Debug|iPhone.Build.0 = Debug|x86
		{2CCE7FFF-CD0E-4A79-B706-664E2E4C3D8F}.Debug|iPhone.Deploy.0 = Debug|x86
		{2CCE7FFF-CD0E-4A79-B706-664E2E4C3D8F}.Debug|iPhoneSimulator.ActiveCfg = Debug|x86
		{2CCE7FFF-CD0E-4A79-B706-664E2E4C3D8F}.Debug|iPhoneSimulator.Build.0 = Debug|x86
		{2CCE7FFF-CD0E-4A79-B706-664E2E4C3D8F}.Debug|iPhoneSimulator.Deploy.0 = Debug|x86
		{2CCE7FFF-CD0E-4A79-B706-664E2E4C3D8F}.Debug|x64.ActiveCfg = Debug|x64
		{2CCE7FFF-CD0E-4A79-B706-664E2E4C3D8F}.Debug|x64.Build.0 = Debug|x64
		{2CCE7FFF-CD0E-4A79-B706-664E2E4C3D8F}.Debug|x64.Deploy.0 = Debug|x64
		{2CCE7FFF-CD0E-4A79-B706-664E2E4C3D8F}.Debug|x86.ActiveCfg = Debug|x86
		{2CCE7FFF-CD0E-4A79-B706-664E2E4C3D8F}.Debug|x86.Build.0 = Debug|x86
		{2CCE7FFF-CD0E-4A79-B706-664E2E4C3D8F}.Debug|x86.Deploy.0 = Debug|x86
		{2CCE7FFF-CD0E-4A79-B706-664E2E4C3D8F}.Release|Any CPU.ActiveCfg = Release|x86
		{2CCE7FFF-CD0E-4A79-B706-664E2E4C3D8F}.Release|Any CPU.Build.0 = Release|x86
		{2CCE7FFF-CD0E-4A79-B706-664E2E4C3D8F}.Release|Any CPU.Deploy.0 = Release|x86
		{2CCE7FFF-CD0E-4A79-B706-664E2E4C3D8F}.Release|ARM.ActiveCfg = Release|ARM
		{2CCE7FFF-CD0E-4A79-B706-664E2E4C3D8F}.Release|ARM.Build.0 = Release|ARM
		{2CCE7FFF-CD0E-4A79-B706-664E2E4C3D8F}.Release|ARM.Deploy.0 = Release|ARM
		{2CCE7FFF-CD0E-4A79-B706-664E2E4C3D8F}.Release|iPhone.ActiveCfg = Release|x86
		{2CCE7FFF-CD0E-4A79-B706-664E2E4C3D8F}.Release|iPhone.Build.0 = Release|x86
		{2CCE7FFF-CD0E-4A79-B706-664E2E4C3D8F}.Release|iPhone.Deploy.0 = Release|x86
		{2CCE7FFF-CD0E-4A79-B706-664E2E4C3D8F}.Release|iPhoneSimulator.ActiveCfg = Release|x86
		{2CCE7FFF-CD0E-4A79-B706-664E2E4C3D8F}.Release|iPhoneSimulator.Build.0 = Release|x86
		{2CCE7FFF-CD0E-4A79-B706-664E2E4C3D8F}.Release|iPhoneSimulator.Deploy.0 = Release|x86
		{2CCE7FFF-CD0E-4A79-B706-664E2E4C3D8F}.Release|x64.ActiveCfg = Release|x64
		{2CCE7FFF-CD0E-4A79-B706-664E2E4C3D8F}.Release|x64.Build.0 = Release|x64
		{2CCE7FFF-CD0E-4A79-B706-664E2E4C3D8F}.Release|x64.Deploy.0 = Release|x64
		{2CCE7FFF-CD0E-4A79-B706-664E2E4C3D8F}.Release|x86.ActiveCfg = Release|x86
		{2CCE7FFF-CD0E-4A79-B706-664E2E4C3D8F}.Release|x86.Build.0 = Release|x86
		{2CCE7FFF-CD0E-4A79-B706-664E2E4C3D8F}.Release|x86.Deploy.0 = Release|x86
		{BEE729D0-7BAC-4761-B655-65231634C87F}.Debug|Any CPU.ActiveCfg = Debug|Any CPU
		{BEE729D0-7BAC-4761-B655-65231634C87F}.Debug|Any CPU.Build.0 = Debug|Any CPU
		{BEE729D0-7BAC-4761-B655-65231634C87F}.Debug|Any CPU.Deploy.0 = Debug|Any CPU
		{BEE729D0-7BAC-4761-B655-65231634C87F}.Debug|ARM.ActiveCfg = Debug|Any CPU
		{BEE729D0-7BAC-4761-B655-65231634C87F}.Debug|ARM.Build.0 = Debug|Any CPU
		{BEE729D0-7BAC-4761-B655-65231634C87F}.Debug|ARM.Deploy.0 = Debug|Any CPU
		{BEE729D0-7BAC-4761-B655-65231634C87F}.Debug|iPhone.ActiveCfg = Debug|Any CPU
		{BEE729D0-7BAC-4761-B655-65231634C87F}.Debug|iPhone.Build.0 = Debug|Any CPU
		{BEE729D0-7BAC-4761-B655-65231634C87F}.Debug|iPhone.Deploy.0 = Debug|Any CPU
		{BEE729D0-7BAC-4761-B655-65231634C87F}.Debug|iPhoneSimulator.ActiveCfg = Debug|Any CPU
		{BEE729D0-7BAC-4761-B655-65231634C87F}.Debug|iPhoneSimulator.Build.0 = Debug|Any CPU
		{BEE729D0-7BAC-4761-B655-65231634C87F}.Debug|iPhoneSimulator.Deploy.0 = Debug|Any CPU
		{BEE729D0-7BAC-4761-B655-65231634C87F}.Debug|x64.ActiveCfg = Debug|Any CPU
		{BEE729D0-7BAC-4761-B655-65231634C87F}.Debug|x64.Build.0 = Debug|Any CPU
		{BEE729D0-7BAC-4761-B655-65231634C87F}.Debug|x64.Deploy.0 = Debug|Any CPU
		{BEE729D0-7BAC-4761-B655-65231634C87F}.Debug|x86.ActiveCfg = Debug|Any CPU
		{BEE729D0-7BAC-4761-B655-65231634C87F}.Debug|x86.Build.0 = Debug|Any CPU
		{BEE729D0-7BAC-4761-B655-65231634C87F}.Debug|x86.Deploy.0 = Debug|Any CPU
		{BEE729D0-7BAC-4761-B655-65231634C87F}.Release|Any CPU.ActiveCfg = Release|Any CPU
		{BEE729D0-7BAC-4761-B655-65231634C87F}.Release|Any CPU.Build.0 = Release|Any CPU
		{BEE729D0-7BAC-4761-B655-65231634C87F}.Release|Any CPU.Deploy.0 = Release|Any CPU
		{BEE729D0-7BAC-4761-B655-65231634C87F}.Release|ARM.ActiveCfg = Release|Any CPU
		{BEE729D0-7BAC-4761-B655-65231634C87F}.Release|ARM.Build.0 = Release|Any CPU
		{BEE729D0-7BAC-4761-B655-65231634C87F}.Release|ARM.Deploy.0 = Release|Any CPU
		{BEE729D0-7BAC-4761-B655-65231634C87F}.Release|iPhone.ActiveCfg = Release|Any CPU
		{BEE729D0-7BAC-4761-B655-65231634C87F}.Release|iPhone.Build.0 = Release|Any CPU
		{BEE729D0-7BAC-4761-B655-65231634C87F}.Release|iPhone.Deploy.0 = Release|Any CPU
		{BEE729D0-7BAC-4761-B655-65231634C87F}.Release|iPhoneSimulator.ActiveCfg = Release|Any CPU
		{BEE729D0-7BAC-4761-B655-65231634C87F}.Release|iPhoneSimulator.Build.0 = Release|Any CPU
		{BEE729D0-7BAC-4761-B655-65231634C87F}.Release|iPhoneSimulator.Deploy.0 = Release|Any CPU
		{BEE729D0-7BAC-4761-B655-65231634C87F}.Release|x64.ActiveCfg = Release|Any CPU
		{BEE729D0-7BAC-4761-B655-65231634C87F}.Release|x64.Build.0 = Release|Any CPU
		{BEE729D0-7BAC-4761-B655-65231634C87F}.Release|x64.Deploy.0 = Release|Any CPU
		{BEE729D0-7BAC-4761-B655-65231634C87F}.Release|x86.ActiveCfg = Release|Any CPU
		{BEE729D0-7BAC-4761-B655-65231634C87F}.Release|x86.Build.0 = Release|Any CPU
		{BEE729D0-7BAC-4761-B655-65231634C87F}.Release|x86.Deploy.0 = Release|Any CPU
		{44E9BABB-9DB3-4B25-ABE7-5EC4C4C0729A}.Debug|Any CPU.ActiveCfg = Debug|iPhoneSimulator
		{44E9BABB-9DB3-4B25-ABE7-5EC4C4C0729A}.Debug|Any CPU.Build.0 = Debug|iPhoneSimulator
		{44E9BABB-9DB3-4B25-ABE7-5EC4C4C0729A}.Debug|Any CPU.Deploy.0 = Debug|iPhoneSimulator
		{44E9BABB-9DB3-4B25-ABE7-5EC4C4C0729A}.Debug|ARM.ActiveCfg = Debug|iPhone
		{44E9BABB-9DB3-4B25-ABE7-5EC4C4C0729A}.Debug|ARM.Build.0 = Debug|iPhone
		{44E9BABB-9DB3-4B25-ABE7-5EC4C4C0729A}.Debug|ARM.Deploy.0 = Debug|iPhone
		{44E9BABB-9DB3-4B25-ABE7-5EC4C4C0729A}.Debug|iPhone.ActiveCfg = Debug|iPhone
		{44E9BABB-9DB3-4B25-ABE7-5EC4C4C0729A}.Debug|iPhone.Build.0 = Debug|iPhone
		{44E9BABB-9DB3-4B25-ABE7-5EC4C4C0729A}.Debug|iPhone.Deploy.0 = Debug|iPhone
		{44E9BABB-9DB3-4B25-ABE7-5EC4C4C0729A}.Debug|iPhoneSimulator.ActiveCfg = Debug|iPhoneSimulator
		{44E9BABB-9DB3-4B25-ABE7-5EC4C4C0729A}.Debug|iPhoneSimulator.Build.0 = Debug|iPhoneSimulator
		{44E9BABB-9DB3-4B25-ABE7-5EC4C4C0729A}.Debug|iPhoneSimulator.Deploy.0 = Debug|iPhoneSimulator
		{44E9BABB-9DB3-4B25-ABE7-5EC4C4C0729A}.Debug|x64.ActiveCfg = Debug|iPhoneSimulator
		{44E9BABB-9DB3-4B25-ABE7-5EC4C4C0729A}.Debug|x64.Build.0 = Debug|iPhoneSimulator
		{44E9BABB-9DB3-4B25-ABE7-5EC4C4C0729A}.Debug|x64.Deploy.0 = Debug|iPhoneSimulator
		{44E9BABB-9DB3-4B25-ABE7-5EC4C4C0729A}.Debug|x86.ActiveCfg = Debug|iPhoneSimulator
		{44E9BABB-9DB3-4B25-ABE7-5EC4C4C0729A}.Debug|x86.Build.0 = Debug|iPhoneSimulator
		{44E9BABB-9DB3-4B25-ABE7-5EC4C4C0729A}.Debug|x86.Deploy.0 = Debug|iPhoneSimulator
		{44E9BABB-9DB3-4B25-ABE7-5EC4C4C0729A}.Release|Any CPU.ActiveCfg = Release|iPhoneSimulator
		{44E9BABB-9DB3-4B25-ABE7-5EC4C4C0729A}.Release|Any CPU.Build.0 = Release|iPhoneSimulator
		{44E9BABB-9DB3-4B25-ABE7-5EC4C4C0729A}.Release|Any CPU.Deploy.0 = Release|iPhoneSimulator
		{44E9BABB-9DB3-4B25-ABE7-5EC4C4C0729A}.Release|ARM.ActiveCfg = Release|iPhoneSimulator
		{44E9BABB-9DB3-4B25-ABE7-5EC4C4C0729A}.Release|ARM.Build.0 = Release|iPhoneSimulator
		{44E9BABB-9DB3-4B25-ABE7-5EC4C4C0729A}.Release|ARM.Deploy.0 = Release|iPhoneSimulator
		{44E9BABB-9DB3-4B25-ABE7-5EC4C4C0729A}.Release|iPhone.ActiveCfg = Release|iPhone
		{44E9BABB-9DB3-4B25-ABE7-5EC4C4C0729A}.Release|iPhone.Build.0 = Release|iPhone
		{44E9BABB-9DB3-4B25-ABE7-5EC4C4C0729A}.Release|iPhone.Deploy.0 = Release|iPhone
		{44E9BABB-9DB3-4B25-ABE7-5EC4C4C0729A}.Release|iPhoneSimulator.ActiveCfg = Release|iPhoneSimulator
		{44E9BABB-9DB3-4B25-ABE7-5EC4C4C0729A}.Release|iPhoneSimulator.Build.0 = Release|iPhoneSimulator
		{44E9BABB-9DB3-4B25-ABE7-5EC4C4C0729A}.Release|iPhoneSimulator.Deploy.0 = Release|iPhoneSimulator
		{44E9BABB-9DB3-4B25-ABE7-5EC4C4C0729A}.Release|x64.ActiveCfg = Release|iPhoneSimulator
		{44E9BABB-9DB3-4B25-ABE7-5EC4C4C0729A}.Release|x64.Build.0 = Release|iPhoneSimulator
		{44E9BABB-9DB3-4B25-ABE7-5EC4C4C0729A}.Release|x64.Deploy.0 = Release|iPhoneSimulator
		{44E9BABB-9DB3-4B25-ABE7-5EC4C4C0729A}.Release|x86.ActiveCfg = Release|iPhoneSimulator
		{44E9BABB-9DB3-4B25-ABE7-5EC4C4C0729A}.Release|x86.Build.0 = Release|iPhoneSimulator
		{44E9BABB-9DB3-4B25-ABE7-5EC4C4C0729A}.Release|x86.Deploy.0 = Release|iPhoneSimulator
		{BAE1A921-13F3-430A-869E-01535E238DCD}.Debug|Any CPU.ActiveCfg = Debug|Any CPU
		{BAE1A921-13F3-430A-869E-01535E238DCD}.Debug|Any CPU.Build.0 = Debug|Any CPU
		{BAE1A921-13F3-430A-869E-01535E238DCD}.Debug|Any CPU.Deploy.0 = Debug|Any CPU
		{BAE1A921-13F3-430A-869E-01535E238DCD}.Debug|ARM.ActiveCfg = Debug|Any CPU
		{BAE1A921-13F3-430A-869E-01535E238DCD}.Debug|ARM.Build.0 = Debug|Any CPU
		{BAE1A921-13F3-430A-869E-01535E238DCD}.Debug|ARM.Deploy.0 = Debug|Any CPU
		{BAE1A921-13F3-430A-869E-01535E238DCD}.Debug|iPhone.ActiveCfg = Debug|Any CPU
		{BAE1A921-13F3-430A-869E-01535E238DCD}.Debug|iPhone.Build.0 = Debug|Any CPU
		{BAE1A921-13F3-430A-869E-01535E238DCD}.Debug|iPhone.Deploy.0 = Debug|Any CPU
		{BAE1A921-13F3-430A-869E-01535E238DCD}.Debug|iPhoneSimulator.ActiveCfg = Debug|Any CPU
		{BAE1A921-13F3-430A-869E-01535E238DCD}.Debug|iPhoneSimulator.Build.0 = Debug|Any CPU
		{BAE1A921-13F3-430A-869E-01535E238DCD}.Debug|iPhoneSimulator.Deploy.0 = Debug|Any CPU
		{BAE1A921-13F3-430A-869E-01535E238DCD}.Debug|x64.ActiveCfg = Debug|Any CPU
		{BAE1A921-13F3-430A-869E-01535E238DCD}.Debug|x64.Build.0 = Debug|Any CPU
		{BAE1A921-13F3-430A-869E-01535E238DCD}.Debug|x64.Deploy.0 = Debug|Any CPU
		{BAE1A921-13F3-430A-869E-01535E238DCD}.Debug|x86.ActiveCfg = Debug|Any CPU
		{BAE1A921-13F3-430A-869E-01535E238DCD}.Debug|x86.Build.0 = Debug|Any CPU
		{BAE1A921-13F3-430A-869E-01535E238DCD}.Debug|x86.Deploy.0 = Debug|Any CPU
		{BAE1A921-13F3-430A-869E-01535E238DCD}.Release|Any CPU.ActiveCfg = Release|Any CPU
		{BAE1A921-13F3-430A-869E-01535E238DCD}.Release|Any CPU.Build.0 = Release|Any CPU
		{BAE1A921-13F3-430A-869E-01535E238DCD}.Release|Any CPU.Deploy.0 = Release|Any CPU
		{BAE1A921-13F3-430A-869E-01535E238DCD}.Release|ARM.ActiveCfg = Release|Any CPU
		{BAE1A921-13F3-430A-869E-01535E238DCD}.Release|ARM.Build.0 = Release|Any CPU
		{BAE1A921-13F3-430A-869E-01535E238DCD}.Release|ARM.Deploy.0 = Release|Any CPU
		{BAE1A921-13F3-430A-869E-01535E238DCD}.Release|iPhone.ActiveCfg = Release|Any CPU
		{BAE1A921-13F3-430A-869E-01535E238DCD}.Release|iPhone.Build.0 = Release|Any CPU
		{BAE1A921-13F3-430A-869E-01535E238DCD}.Release|iPhone.Deploy.0 = Release|Any CPU
		{BAE1A921-13F3-430A-869E-01535E238DCD}.Release|iPhoneSimulator.ActiveCfg = Release|Any CPU
		{BAE1A921-13F3-430A-869E-01535E238DCD}.Release|iPhoneSimulator.Build.0 = Release|Any CPU
		{BAE1A921-13F3-430A-869E-01535E238DCD}.Release|iPhoneSimulator.Deploy.0 = Release|Any CPU
		{BAE1A921-13F3-430A-869E-01535E238DCD}.Release|x64.ActiveCfg = Release|Any CPU
		{BAE1A921-13F3-430A-869E-01535E238DCD}.Release|x64.Build.0 = Release|Any CPU
		{BAE1A921-13F3-430A-869E-01535E238DCD}.Release|x64.Deploy.0 = Release|Any CPU
		{BAE1A921-13F3-430A-869E-01535E238DCD}.Release|x86.ActiveCfg = Release|Any CPU
		{BAE1A921-13F3-430A-869E-01535E238DCD}.Release|x86.Build.0 = Release|Any CPU
		{BAE1A921-13F3-430A-869E-01535E238DCD}.Release|x86.Deploy.0 = Release|Any CPU
	EndGlobalSection
	GlobalSection(SolutionProperties) = preSolution
		HideSolutionNode = FALSE
	EndGlobalSection
	GlobalSection(ExtensibilityGlobals) = postSolution
		SolutionGuid = {F7D0BE39-1CD4-4C82-85C4-E2F91F56233D}
	EndGlobalSection
EndGlobal
